
Microsoft Visual Studio Solution File, Format Version 12.00
# Visual Studio 15
VisualStudioVersion = 15.0.27428.2002
MinimumVisualStudioVersion = 10.0.40219.1
Project("{FAE04EC0-301F-11D3-BF4B-00C04F79EFBC}") = "NathanSacconAssignment5", "NathanSacconAssignment5\NathanSacconAssignment5.csproj", "{D686D130-57C1-4EDD-BDDA-F9058543EEF7}"
EndProject
Global
	GlobalSection(SolutionConfigurationPlatforms) = preSolution
		Debug|Any CPU = Debug|Any CPU
		Release|Any CPU = Release|Any CPU
	EndGlobalSection
	GlobalSection(ProjectConfigurationPlatforms) = postSolution
		{D686D130-57C1-4EDD-BDDA-F9058543EEF7}.Debug|Any CPU.ActiveCfg = Debug|Any CPU
		{D686D130-57C1-4EDD-BDDA-F9058543EEF7}.Debug|Any CPU.Build.0 = Debug|Any CPU
		{D686D130-57C1-4EDD-BDDA-F9058543EEF7}.Release|Any CPU.ActiveCfg = Release|Any CPU
		{D686D130-57C1-4EDD-BDDA-F9058543EEF7}.Release|Any CPU.Build.0 = Release|Any CPU
	EndGlobalSection
	GlobalSection(SolutionProperties) = preSolution
		HideSolutionNode = FALSE
	EndGlobalSection
	GlobalSection(ExtensibilityGlobals) = postSolution
		SolutionGuid = {8C2F37DA-ECE5-4B42-80A3-1ABE534C69D1}
	EndGlobalSection
EndGlobal
